
Microsoft Visual Studio Solution File, Format Version 12.00
# Visual Studio Version 16
VisualStudioVersion = 16.0.31613.86
MinimumVisualStudioVersion = 10.0.40219.1
Project("{8BC9CEB8-8B4A-11D0-8D11-00A0C91BC942}") = "MyFirstProj", "MyFirstProj\MyFirstProj.vcxproj", "{7956DC2F-44D1-458F-8929-0FBC0EE8BF06}"
EndProject
Project("{8BC9CEB8-8B4A-11D0-8D11-00A0C91BC942}") = "MySecondProj", "MySecondProj\MySecondProj.vcxproj", "{C5852C02-7D2A-4EA8-A738-1611B40808C8}"
EndProject
Project("{8BC9CEB8-8B4A-11D0-8D11-00A0C91BC942}") = "MyThirdProj", "MyThirdProj\MyThirdProj.vcxproj", "{F3FBF01A-00BD-4AE9-9FFA-F7BD4B176C51}"
EndProject
Project("{8BC9CEB8-8B4A-11D0-8D11-00A0C91BC942}") = "Lecture2", "Lecture2\Lecture2.vcxproj", "{B38C7473-A767-4898-A11B-2941E2549B69}"
EndProject
Project("{8BC9CEB8-8B4A-11D0-8D11-00A0C91BC942}") = "Lecture3", "Lecture3\Lecture3.vcxproj", "{2E787EFE-8A0B-4DB3-84B1-625C0AD65176}"
EndProject
Project("{8BC9CEB8-8B4A-11D0-8D11-00A0C91BC942}") = "Lecture4", "Lecture4\Lecture4.vcxproj", "{CF924881-DB6B-4C66-BCDC-A91B8B83286D}"
EndProject
Project("{8BC9CEB8-8B4A-11D0-8D11-00A0C91BC942}") = "Lecture5", "Lecture5\Lecture5.vcxproj", "{DBAA36EF-8A0F-4263-BAB6-AD8F0FCD89C8}"
EndProject
Project("{8BC9CEB8-8B4A-11D0-8D11-00A0C91BC942}") = "Lecture6", "Lecture6\Lecture6.vcxproj", "{26F6FD99-0BE3-4FE2-8E11-E1B369384DF8}"
EndProject
Project("{8BC9CEB8-8B4A-11D0-8D11-00A0C91BC942}") = "Lecture7", "Lecture7\Lecture7.vcxproj", "{B70263B7-DFB1-44AA-A502-28FDA5BD7E2D}"
EndProject
Project("{8BC9CEB8-8B4A-11D0-8D11-00A0C91BC942}") = "Lecture8", "Lecture8\Lecture8.vcxproj", "{039CF382-70B0-4EAF-A766-78EEE30AF5C9}"
EndProject
Project("{8BC9CEB8-8B4A-11D0-8D11-00A0C91BC942}") = "Lecture9", "Lecture9\Lecture9.vcxproj", "{EFB17228-F924-4BAB-95C3-11CFC7B6DB5F}"
EndProject
Project("{8BC9CEB8-8B4A-11D0-8D11-00A0C91BC942}") = "Lecture10", "Lecture10\Lecture10.vcxproj", "{D18B8DEB-6DC3-417E-9771-6CFDEFC91F3D}"
EndProject
Project("{8BC9CEB8-8B4A-11D0-8D11-00A0C91BC942}") = "Lecture11", "Lecture11\Lecture11.vcxproj", "{04AAFA99-DC8C-490F-AE96-3977095DBB7E}"
EndProject
Project("{8BC9CEB8-8B4A-11D0-8D11-00A0C91BC942}") = "Lecture12", "Lecture12\Lecture12.vcxproj", "{3214F05E-D611-410F-9C0F-585BE154814B}"
EndProject
Project("{8BC9CEB8-8B4A-11D0-8D11-00A0C91BC942}") = "Lecture13", "Lecture13\Lecture13.vcxproj", "{D01B30B6-7C6A-45AE-B9D7-07DCB80B9DD4}"
EndProject
Project("{8BC9CEB8-8B4A-11D0-8D11-00A0C91BC942}") = "Lecture14", "Lecture14\Lecture14.vcxproj", "{A7ED45E6-C751-4FD2-A721-AE8BE9361054}"
EndProject
Project("{8BC9CEB8-8B4A-11D0-8D11-00A0C91BC942}") = "Lecture15", "Lecture15\Lecture15.vcxproj", "{FBB2380A-5116-4E87-830E-5918D49A5886}"
EndProject
Project("{8BC9CEB8-8B4A-11D0-8D11-00A0C91BC942}") = "Lecture16", "Lecture16\Lecture16.vcxproj", "{C8783318-E399-4D63-8B1A-0506035F0093}"
EndProject
Project("{8BC9CEB8-8B4A-11D0-8D11-00A0C91BC942}") = "Lecture17", "Lecture17\Lecture17.vcxproj", "{1D3DEEA8-8122-4C55-AB64-1CFCA45BB23A}"
EndProject
Project("{8BC9CEB8-8B4A-11D0-8D11-00A0C91BC942}") = "Lecture18", "Lecture18\Lecture18.vcxproj", "{CF10FDBE-4ED5-42F4-8A2C-8989831596BA}"
EndProject
Project("{8BC9CEB8-8B4A-11D0-8D11-00A0C91BC942}") = "Lecture19", "Lecture19\Lecture19.vcxproj", "{C9294F65-02ED-41AA-864A-135A9A1CE8D6}"
EndProject
Project("{8BC9CEB8-8B4A-11D0-8D11-00A0C91BC942}") = "Lecture20", "Lecture20\Lecture20.vcxproj", "{2F1C1892-8EB9-4CA3-B9C7-E30B485F4C53}"
EndProject
Project("{8BC9CEB8-8B4A-11D0-8D11-00A0C91BC942}") = "Lecture21", "Lecture21\Lecture21.vcxproj", "{96EB1BE3-3840-45A6-AA8D-C411ADA0C418}"
EndProject
Project("{8BC9CEB8-8B4A-11D0-8D11-00A0C91BC942}") = "Lecture22", "Lecture22\Lecture22.vcxproj", "{5D64A30B-1567-428E-9803-581CF66951F8}"
EndProject
Project("{8BC9CEB8-8B4A-11D0-8D11-00A0C91BC942}") = "Lecture23", "Lecture23\Lecture23.vcxproj", "{590CB39F-9225-4942-BD58-CE2145AD0CCF}"
EndProject
Project("{8BC9CEB8-8B4A-11D0-8D11-00A0C91BC942}") = "Lecture24", "Lecture24\Lecture24.vcxproj", "{D615CF4B-9E6C-4F51-ACA0-247A99384996}"
EndProject
Project("{8BC9CEB8-8B4A-11D0-8D11-00A0C91BC942}") = "Lecture25", "Lecture25\Lecture25.vcxproj", "{648275F5-FCC1-4CA6-B235-A802A4CC3F30}"
EndProject
Global
	GlobalSection(SolutionConfigurationPlatforms) = preSolution
		Debug|x64 = Debug|x64
		Debug|x86 = Debug|x86
		Release|x64 = Release|x64
		Release|x86 = Release|x86
	EndGlobalSection
	GlobalSection(ProjectConfigurationPlatforms) = postSolution
		{7956DC2F-44D1-458F-8929-0FBC0EE8BF06}.Debug|x64.ActiveCfg = Debug|x64
		{7956DC2F-44D1-458F-8929-0FBC0EE8BF06}.Debug|x64.Build.0 = Debug|x64
		{7956DC2F-44D1-458F-8929-0FBC0EE8BF06}.Debug|x86.ActiveCfg = Debug|Win32
		{7956DC2F-44D1-458F-8929-0FBC0EE8BF06}.Debug|x86.Build.0 = Debug|Win32
		{7956DC2F-44D1-458F-8929-0FBC0EE8BF06}.Release|x64.ActiveCfg = Release|x64
		{7956DC2F-44D1-458F-8929-0FBC0EE8BF06}.Release|x64.Build.0 = Release|x64
		{7956DC2F-44D1-458F-8929-0FBC0EE8BF06}.Release|x86.ActiveCfg = Release|Win32
		{7956DC2F-44D1-458F-8929-0FBC0EE8BF06}.Release|x86.Build.0 = Release|Win32
		{C5852C02-7D2A-4EA8-A738-1611B40808C8}.Debug|x64.ActiveCfg = Debug|x64
		{C5852C02-7D2A-4EA8-A738-1611B40808C8}.Debug|x64.Build.0 = Debug|x64
		{C5852C02-7D2A-4EA8-A738-1611B40808C8}.Debug|x86.ActiveCfg = Debug|Win32
		{C5852C02-7D2A-4EA8-A738-1611B40808C8}.Debug|x86.Build.0 = Debug|Win32
		{C5852C02-7D2A-4EA8-A738-1611B40808C8}.Release|x64.ActiveCfg = Release|x64
		{C5852C02-7D2A-4EA8-A738-1611B40808C8}.Release|x64.Build.0 = Release|x64
		{C5852C02-7D2A-4EA8-A738-1611B40808C8}.Release|x86.ActiveCfg = Release|Win32
		{C5852C02-7D2A-4EA8-A738-1611B40808C8}.Release|x86.Build.0 = Release|Win32
		{F3FBF01A-00BD-4AE9-9FFA-F7BD4B176C51}.Debug|x64.ActiveCfg = Debug|x64
		{F3FBF01A-00BD-4AE9-9FFA-F7BD4B176C51}.Debug|x64.Build.0 = Debug|x64
		{F3FBF01A-00BD-4AE9-9FFA-F7BD4B176C51}.Debug|x86.ActiveCfg = Debug|Win32
		{F3FBF01A-00BD-4AE9-9FFA-F7BD4B176C51}.Debug|x86.Build.0 = Debug|Win32
		{F3FBF01A-00BD-4AE9-9FFA-F7BD4B176C51}.Release|x64.ActiveCfg = Release|x64
		{F3FBF01A-00BD-4AE9-9FFA-F7BD4B176C51}.Release|x64.Build.0 = Release|x64
		{F3FBF01A-00BD-4AE9-9FFA-F7BD4B176C51}.Release|x86.ActiveCfg = Release|Win32
		{F3FBF01A-00BD-4AE9-9FFA-F7BD4B176C51}.Release|x86.Build.0 = Release|Win32
		{B38C7473-A767-4898-A11B-2941E2549B69}.Debug|x64.ActiveCfg = Debug|x64
		{B38C7473-A767-4898-A11B-2941E2549B69}.Debug|x64.Build.0 = Debug|x64
		{B38C7473-A767-4898-A11B-2941E2549B69}.Debug|x86.ActiveCfg = Debug|Win32
		{B38C7473-A767-4898-A11B-2941E2549B69}.Debug|x86.Build.0 = Debug|Win32
		{B38C7473-A767-4898-A11B-2941E2549B69}.Release|x64.ActiveCfg = Release|x64
		{B38C7473-A767-4898-A11B-2941E2549B69}.Release|x64.Build.0 = Release|x64
		{B38C7473-A767-4898-A11B-2941E2549B69}.Release|x86.ActiveCfg = Release|Win32
		{B38C7473-A767-4898-A11B-2941E2549B69}.Release|x86.Build.0 = Release|Win32
		{2E787EFE-8A0B-4DB3-84B1-625C0AD65176}.Debug|x64.ActiveCfg = Debug|x64
		{2E787EFE-8A0B-4DB3-84B1-625C0AD65176}.Debug|x64.Build.0 = Debug|x64
		{2E787EFE-8A0B-4DB3-84B1-625C0AD65176}.Debug|x86.ActiveCfg = Debug|Win32
		{2E787EFE-8A0B-4DB3-84B1-625C0AD65176}.Debug|x86.Build.0 = Debug|Win32
		{2E787EFE-8A0B-4DB3-84B1-625C0AD65176}.Release|x64.ActiveCfg = Release|x64
		{2E787EFE-8A0B-4DB3-84B1-625C0AD65176}.Release|x64.Build.0 = Release|x64
		{2E787EFE-8A0B-4DB3-84B1-625C0AD65176}.Release|x86.ActiveCfg = Release|Win32
		{2E787EFE-8A0B-4DB3-84B1-625C0AD65176}.Release|x86.Build.0 = Release|Win32
		{CF924881-DB6B-4C66-BCDC-A91B8B83286D}.Debug|x64.ActiveCfg = Debug|x64
		{CF924881-DB6B-4C66-BCDC-A91B8B83286D}.Debug|x64.Build.0 = Debug|x64
		{CF924881-DB6B-4C66-BCDC-A91B8B83286D}.Debug|x86.ActiveCfg = Debug|Win32
		{CF924881-DB6B-4C66-BCDC-A91B8B83286D}.Debug|x86.Build.0 = Debug|Win32
		{CF924881-DB6B-4C66-BCDC-A91B8B83286D}.Release|x64.ActiveCfg = Release|x64
		{CF924881-DB6B-4C66-BCDC-A91B8B83286D}.Release|x64.Build.0 = Release|x64
		{CF924881-DB6B-4C66-BCDC-A91B8B83286D}.Release|x86.ActiveCfg = Release|Win32
		{CF924881-DB6B-4C66-BCDC-A91B8B83286D}.Release|x86.Build.0 = Release|Win32
		{DBAA36EF-8A0F-4263-BAB6-AD8F0FCD89C8}.Debug|x64.ActiveCfg = Debug|x64
		{DBAA36EF-8A0F-4263-BAB6-AD8F0FCD89C8}.Debug|x64.Build.0 = Debug|x64
		{DBAA36EF-8A0F-4263-BAB6-AD8F0FCD89C8}.Debug|x86.ActiveCfg = Debug|Win32
		{DBAA36EF-8A0F-4263-BAB6-AD8F0FCD89C8}.Debug|x86.Build.0 = Debug|Win32
		{DBAA36EF-8A0F-4263-BAB6-AD8F0FCD89C8}.Release|x64.ActiveCfg = Release|x64
		{DBAA36EF-8A0F-4263-BAB6-AD8F0FCD89C8}.Release|x64.Build.0 = Release|x64
		{DBAA36EF-8A0F-4263-BAB6-AD8F0FCD89C8}.Release|x86.ActiveCfg = Release|Win32
		{DBAA36EF-8A0F-4263-BAB6-AD8F0FCD89C8}.Release|x86.Build.0 = Release|Win32
		{26F6FD99-0BE3-4FE2-8E11-E1B369384DF8}.Debug|x64.ActiveCfg = Debug|x64
		{26F6FD99-0BE3-4FE2-8E11-E1B369384DF8}.Debug|x64.Build.0 = Debug|x64
		{26F6FD99-0BE3-4FE2-8E11-E1B369384DF8}.Debug|x86.ActiveCfg = Debug|Win32
		{26F6FD99-0BE3-4FE2-8E11-E1B369384DF8}.Debug|x86.Build.0 = Debug|Win32
		{26F6FD99-0BE3-4FE2-8E11-E1B369384DF8}.Release|x64.ActiveCfg = Release|x64
		{26F6FD99-0BE3-4FE2-8E11-E1B369384DF8}.Release|x64.Build.0 = Release|x64
		{26F6FD99-0BE3-4FE2-8E11-E1B369384DF8}.Release|x86.ActiveCfg = Release|Win32
		{26F6FD99-0BE3-4FE2-8E11-E1B369384DF8}.Release|x86.Build.0 = Release|Win32
		{B70263B7-DFB1-44AA-A502-28FDA5BD7E2D}.Debug|x64.ActiveCfg = Debug|x64
		{B70263B7-DFB1-44AA-A502-28FDA5BD7E2D}.Debug|x64.Build.0 = Debug|x64
		{B70263B7-DFB1-44AA-A502-28FDA5BD7E2D}.Debug|x86.ActiveCfg = Debug|Win32
		{B70263B7-DFB1-44AA-A502-28FDA5BD7E2D}.Debug|x86.Build.0 = Debug|Win32
		{B70263B7-DFB1-44AA-A502-28FDA5BD7E2D}.Release|x64.ActiveCfg = Release|x64
		{B70263B7-DFB1-44AA-A502-28FDA5BD7E2D}.Release|x64.Build.0 = Release|x64
		{B70263B7-DFB1-44AA-A502-28FDA5BD7E2D}.Release|x86.ActiveCfg = Release|Win32
		{B70263B7-DFB1-44AA-A502-28FDA5BD7E2D}.Release|x86.Build.0 = Release|Win32
		{039CF382-70B0-4EAF-A766-78EEE30AF5C9}.Debug|x64.ActiveCfg = Debug|x64
		{039CF382-70B0-4EAF-A766-78EEE30AF5C9}.Debug|x64.Build.0 = Debug|x64
		{039CF382-70B0-4EAF-A766-78EEE30AF5C9}.Debug|x86.ActiveCfg = Debug|Win32
		{039CF382-70B0-4EAF-A766-78EEE30AF5C9}.Debug|x86.Build.0 = Debug|Win32
		{039CF382-70B0-4EAF-A766-78EEE30AF5C9}.Release|x64.ActiveCfg = Release|x64
		{039CF382-70B0-4EAF-A766-78EEE30AF5C9}.Release|x64.Build.0 = Release|x64
		{039CF382-70B0-4EAF-A766-78EEE30AF5C9}.Release|x86.ActiveCfg = Release|Win32
		{039CF382-70B0-4EAF-A766-78EEE30AF5C9}.Release|x86.Build.0 = Release|Win32
		{EFB17228-F924-4BAB-95C3-11CFC7B6DB5F}.Debug|x64.ActiveCfg = Debug|x64
		{EFB17228-F924-4BAB-95C3-11CFC7B6DB5F}.Debug|x64.Build.0 = Debug|x64
		{EFB17228-F924-4BAB-95C3-11CFC7B6DB5F}.Debug|x86.ActiveCfg = Debug|Win32
		{EFB17228-F924-4BAB-95C3-11CFC7B6DB5F}.Debug|x86.Build.0 = Debug|Win32
		{EFB17228-F924-4BAB-95C3-11CFC7B6DB5F}.Release|x64.ActiveCfg = Release|x64
		{EFB17228-F924-4BAB-95C3-11CFC7B6DB5F}.Release|x64.Build.0 = Release|x64
		{EFB17228-F924-4BAB-95C3-11CFC7B6DB5F}.Release|x86.ActiveCfg = Release|Win32
		{EFB17228-F924-4BAB-95C3-11CFC7B6DB5F}.Release|x86.Build.0 = Release|Win32
		{D18B8DEB-6DC3-417E-9771-6CFDEFC91F3D}.Debug|x64.ActiveCfg = Debug|x64
		{D18B8DEB-6DC3-417E-9771-6CFDEFC91F3D}.Debug|x64.Build.0 = Debug|x64
		{D18B8DEB-6DC3-417E-9771-6CFDEFC91F3D}.Debug|x86.ActiveCfg = Debug|Win32
		{D18B8DEB-6DC3-417E-9771-6CFDEFC91F3D}.Debug|x86.Build.0 = Debug|Win32
		{D18B8DEB-6DC3-417E-9771-6CFDEFC91F3D}.Release|x64.ActiveCfg = Release|x64
		{D18B8DEB-6DC3-417E-9771-6CFDEFC91F3D}.Release|x64.Build.0 = Release|x64
		{D18B8DEB-6DC3-417E-9771-6CFDEFC91F3D}.Release|x86.ActiveCfg = Release|Win32
		{D18B8DEB-6DC3-417E-9771-6CFDEFC91F3D}.Release|x86.Build.0 = Release|Win32
		{04AAFA99-DC8C-490F-AE96-3977095DBB7E}.Debug|x64.ActiveCfg = Debug|x64
		{04AAFA99-DC8C-490F-AE96-3977095DBB7E}.Debug|x64.Build.0 = Debug|x64
		{04AAFA99-DC8C-490F-AE96-3977095DBB7E}.Debug|x86.ActiveCfg = Debug|Win32
		{04AAFA99-DC8C-490F-AE96-3977095DBB7E}.Debug|x86.Build.0 = Debug|Win32
		{04AAFA99-DC8C-490F-AE96-3977095DBB7E}.Release|x64.ActiveCfg = Release|x64
		{04AAFA99-DC8C-490F-AE96-3977095DBB7E}.Release|x64.Build.0 = Release|x64
		{04AAFA99-DC8C-490F-AE96-3977095DBB7E}.Release|x86.ActiveCfg = Release|Win32
		{04AAFA99-DC8C-490F-AE96-3977095DBB7E}.Release|x86.Build.0 = Release|Win32
		{3214F05E-D611-410F-9C0F-585BE154814B}.Debug|x64.ActiveCfg = Debug|x64
		{3214F05E-D611-410F-9C0F-585BE154814B}.Debug|x64.Build.0 = Debug|x64
		{3214F05E-D611-410F-9C0F-585BE154814B}.Debug|x86.ActiveCfg = Debug|Win32
		{3214F05E-D611-410F-9C0F-585BE154814B}.Debug|x86.Build.0 = Debug|Win32
		{3214F05E-D611-410F-9C0F-585BE154814B}.Release|x64.ActiveCfg = Release|x64
		{3214F05E-D611-410F-9C0F-585BE154814B}.Release|x64.Build.0 = Release|x64
		{3214F05E-D611-410F-9C0F-585BE154814B}.Release|x86.ActiveCfg = Release|Win32
		{3214F05E-D611-410F-9C0F-585BE154814B}.Release|x86.Build.0 = Release|Win32
		{D01B30B6-7C6A-45AE-B9D7-07DCB80B9DD4}.Debug|x64.ActiveCfg = Debug|x64
		{D01B30B6-7C6A-45AE-B9D7-07DCB80B9DD4}.Debug|x64.Build.0 = Debug|x64
		{D01B30B6-7C6A-45AE-B9D7-07DCB80B9DD4}.Debug|x86.ActiveCfg = Debug|Win32
		{D01B30B6-7C6A-45AE-B9D7-07DCB80B9DD4}.Debug|x86.Build.0 = Debug|Win32
		{D01B30B6-7C6A-45AE-B9D7-07DCB80B9DD4}.Release|x64.ActiveCfg = Release|x64
		{D01B30B6-7C6A-45AE-B9D7-07DCB80B9DD4}.Release|x64.Build.0 = Release|x64
		{D01B30B6-7C6A-45AE-B9D7-07DCB80B9DD4}.Release|x86.ActiveCfg = Release|Win32
		{D01B30B6-7C6A-45AE-B9D7-07DCB80B9DD4}.Release|x86.Build.0 = Release|Win32
		{A7ED45E6-C751-4FD2-A721-AE8BE9361054}.Debug|x64.ActiveCfg = Debug|x64
		{A7ED45E6-C751-4FD2-A721-AE8BE9361054}.Debug|x64.Build.0 = Debug|x64
		{A7ED45E6-C751-4FD2-A721-AE8BE9361054}.Debug|x86.ActiveCfg = Debug|Win32
		{A7ED45E6-C751-4FD2-A721-AE8BE9361054}.Debug|x86.Build.0 = Debug|Win32
		{A7ED45E6-C751-4FD2-A721-AE8BE9361054}.Release|x64.ActiveCfg = Release|x64
		{A7ED45E6-C751-4FD2-A721-AE8BE9361054}.Release|x64.Build.0 = Release|x64
		{A7ED45E6-C751-4FD2-A721-AE8BE9361054}.Release|x86.ActiveCfg = Release|Win32
		{A7ED45E6-C751-4FD2-A721-AE8BE9361054}.Release|x86.Build.0 = Release|Win32
		{FBB2380A-5116-4E87-830E-5918D49A5886}.Debug|x64.ActiveCfg = Debug|x64
		{FBB2380A-5116-4E87-830E-5918D49A5886}.Debug|x64.Build.0 = Debug|x64
		{FBB2380A-5116-4E87-830E-5918D49A5886}.Debug|x86.ActiveCfg = Debug|Win32
		{FBB2380A-5116-4E87-830E-5918D49A5886}.Debug|x86.Build.0 = Debug|Win32
		{FBB2380A-5116-4E87-830E-5918D49A5886}.Release|x64.ActiveCfg = Release|x64
		{FBB2380A-5116-4E87-830E-5918D49A5886}.Release|x64.Build.0 = Release|x64
		{FBB2380A-5116-4E87-830E-5918D49A5886}.Release|x86.ActiveCfg = Release|Win32
		{FBB2380A-5116-4E87-830E-5918D49A5886}.Release|x86.Build.0 = Release|Win32
		{C8783318-E399-4D63-8B1A-0506035F0093}.Debug|x64.ActiveCfg = Debug|x64
		{C8783318-E399-4D63-8B1A-0506035F0093}.Debug|x64.Build.0 = Debug|x64
		{C8783318-E399-4D63-8B1A-0506035F0093}.Debug|x86.ActiveCfg = Debug|Win32
		{C8783318-E399-4D63-8B1A-0506035F0093}.Debug|x86.Build.0 = Debug|Win32
		{C8783318-E399-4D63-8B1A-0506035F0093}.Release|x64.ActiveCfg = Release|x64
		{C8783318-E399-4D63-8B1A-0506035F0093}.Release|x64.Build.0 = Release|x64
		{C8783318-E399-4D63-8B1A-0506035F0093}.Release|x86.ActiveCfg = Release|Win32
		{C8783318-E399-4D63-8B1A-0506035F0093}.Release|x86.Build.0 = Release|Win32
		{1D3DEEA8-8122-4C55-AB64-1CFCA45BB23A}.Debug|x64.ActiveCfg = Debug|x64
		{1D3DEEA8-8122-4C55-AB64-1CFCA45BB23A}.Debug|x64.Build.0 = Debug|x64
		{1D3DEEA8-8122-4C55-AB64-1CFCA45BB23A}.Debug|x86.ActiveCfg = Debug|Win32
		{1D3DEEA8-8122-4C55-AB64-1CFCA45BB23A}.Debug|x86.Build.0 = Debug|Win32
		{1D3DEEA8-8122-4C55-AB64-1CFCA45BB23A}.Release|x64.ActiveCfg = Release|x64
		{1D3DEEA8-8122-4C55-AB64-1CFCA45BB23A}.Release|x64.Build.0 = Release|x64
		{1D3DEEA8-8122-4C55-AB64-1CFCA45BB23A}.Release|x86.ActiveCfg = Release|Win32
		{1D3DEEA8-8122-4C55-AB64-1CFCA45BB23A}.Release|x86.Build.0 = Release|Win32
		{CF10FDBE-4ED5-42F4-8A2C-8989831596BA}.Debug|x64.ActiveCfg = Debug|x64
		{CF10FDBE-4ED5-42F4-8A2C-8989831596BA}.Debug|x64.Build.0 = Debug|x64
		{CF10FDBE-4ED5-42F4-8A2C-8989831596BA}.Debug|x86.ActiveCfg = Debug|Win32
		{CF10FDBE-4ED5-42F4-8A2C-8989831596BA}.Debug|x86.Build.0 = Debug|Win32
		{CF10FDBE-4ED5-42F4-8A2C-8989831596BA}.Release|x64.ActiveCfg = Release|x64
		{CF10FDBE-4ED5-42F4-8A2C-8989831596BA}.Release|x64.Build.0 = Release|x64
		{CF10FDBE-4ED5-42F4-8A2C-8989831596BA}.Release|x86.ActiveCfg = Release|Win32
		{CF10FDBE-4ED5-42F4-8A2C-8989831596BA}.Release|x86.Build.0 = Release|Win32
		{C9294F65-02ED-41AA-864A-135A9A1CE8D6}.Debug|x64.ActiveCfg = Debug|x64
		{C9294F65-02ED-41AA-864A-135A9A1CE8D6}.Debug|x64.Build.0 = Debug|x64
		{C9294F65-02ED-41AA-864A-135A9A1CE8D6}.Debug|x86.ActiveCfg = Debug|Win32
		{C9294F65-02ED-41AA-864A-135A9A1CE8D6}.Debug|x86.Build.0 = Debug|Win32
		{C9294F65-02ED-41AA-864A-135A9A1CE8D6}.Release|x64.ActiveCfg = Release|x64
		{C9294F65-02ED-41AA-864A-135A9A1CE8D6}.Release|x64.Build.0 = Release|x64
		{C9294F65-02ED-41AA-864A-135A9A1CE8D6}.Release|x86.ActiveCfg = Release|Win32
		{C9294F65-02ED-41AA-864A-135A9A1CE8D6}.Release|x86.Build.0 = Release|Win32
		{2F1C1892-8EB9-4CA3-B9C7-E30B485F4C53}.Debug|x64.ActiveCfg = Debug|x64
		{2F1C1892-8EB9-4CA3-B9C7-E30B485F4C53}.Debug|x64.Build.0 = Debug|x64
		{2F1C1892-8EB9-4CA3-B9C7-E30B485F4C53}.Debug|x86.ActiveCfg = Debug|Win32
		{2F1C1892-8EB9-4CA3-B9C7-E30B485F4C53}.Debug|x86.Build.0 = Debug|Win32
		{2F1C1892-8EB9-4CA3-B9C7-E30B485F4C53}.Release|x64.ActiveCfg = Release|x64
		{2F1C1892-8EB9-4CA3-B9C7-E30B485F4C53}.Release|x64.Build.0 = Release|x64
		{2F1C1892-8EB9-4CA3-B9C7-E30B485F4C53}.Release|x86.ActiveCfg = Release|Win32
		{2F1C1892-8EB9-4CA3-B9C7-E30B485F4C53}.Release|x86.Build.0 = Release|Win32
		{96EB1BE3-3840-45A6-AA8D-C411ADA0C418}.Debug|x64.ActiveCfg = Debug|x64
		{96EB1BE3-3840-45A6-AA8D-C411ADA0C418}.Debug|x64.Build.0 = Debug|x64
		{96EB1BE3-3840-45A6-AA8D-C411ADA0C418}.Debug|x86.ActiveCfg = Debug|Win32
		{96EB1BE3-3840-45A6-AA8D-C411ADA0C418}.Debug|x86.Build.0 = Debug|Win32
		{96EB1BE3-3840-45A6-AA8D-C411ADA0C418}.Release|x64.ActiveCfg = Release|x64
		{96EB1BE3-3840-45A6-AA8D-C411ADA0C418}.Release|x64.Build.0 = Release|x64
		{96EB1BE3-3840-45A6-AA8D-C411ADA0C418}.Release|x86.ActiveCfg = Release|Win32
		{96EB1BE3-3840-45A6-AA8D-C411ADA0C418}.Release|x86.Build.0 = Release|Win32
		{5D64A30B-1567-428E-9803-581CF66951F8}.Debug|x64.ActiveCfg = Debug|x64
		{5D64A30B-1567-428E-9803-581CF66951F8}.Debug|x64.Build.0 = Debug|x64
		{5D64A30B-1567-428E-9803-581CF66951F8}.Debug|x86.ActiveCfg = Debug|Win32
		{5D64A30B-1567-428E-9803-581CF66951F8}.Debug|x86.Build.0 = Debug|Win32
		{5D64A30B-1567-428E-9803-581CF66951F8}.Release|x64.ActiveCfg = Release|x64
		{5D64A30B-1567-428E-9803-581CF66951F8}.Release|x64.Build.0 = Release|x64
		{5D64A30B-1567-428E-9803-581CF66951F8}.Release|x86.ActiveCfg = Release|Win32
		{5D64A30B-1567-428E-9803-581CF66951F8}.Release|x86.Build.0 = Release|Win32
		{590CB39F-9225-4942-BD58-CE2145AD0CCF}.Debug|x64.ActiveCfg = Debug|x64
		{590CB39F-9225-4942-BD58-CE2145AD0CCF}.Debug|x64.Build.0 = Debug|x64
		{590CB39F-9225-4942-BD58-CE2145AD0CCF}.Debug|x86.ActiveCfg = Debug|Win32
		{590CB39F-9225-4942-BD58-CE2145AD0CCF}.Debug|x86.Build.0 = Debug|Win32
		{590CB39F-9225-4942-BD58-CE2145AD0CCF}.Release|x64.ActiveCfg = Release|x64
		{590CB39F-9225-4942-BD58-CE2145AD0CCF}.Release|x64.Build.0 = Release|x64
		{590CB39F-9225-4942-BD58-CE2145AD0CCF}.Release|x86.ActiveCfg = Release|Win32
		{590CB39F-9225-4942-BD58-CE2145AD0CCF}.Release|x86.Build.0 = Release|Win32
		{D615CF4B-9E6C-4F51-ACA0-247A99384996}.Debug|x64.ActiveCfg = Debug|x64
		{D615CF4B-9E6C-4F51-ACA0-247A99384996}.Debug|x64.Build.0 = Debug|x64
		{D615CF4B-9E6C-4F51-ACA0-247A99384996}.Debug|x86.ActiveCfg = Debug|Win32
		{D615CF4B-9E6C-4F51-ACA0-247A99384996}.Debug|x86.Build.0 = Debug|Win32
		{D615CF4B-9E6C-4F51-ACA0-247A99384996}.Release|x64.ActiveCfg = Release|x64
		{D615CF4B-9E6C-4F51-ACA0-247A99384996}.Release|x64.Build.0 = Release|x64
		{D615CF4B-9E6C-4F51-ACA0-247A99384996}.Release|x86.ActiveCfg = Release|Win32
		{D615CF4B-9E6C-4F51-ACA0-247A99384996}.Release|x86.Build.0 = Release|Win32
		{648275F5-FCC1-4CA6-B235-A802A4CC3F30}.Debug|x64.ActiveCfg = Debug|x64
		{648275F5-FCC1-4CA6-B235-A802A4CC3F30}.Debug|x64.Build.0 = Debug|x64
		{648275F5-FCC1-4CA6-B235-A802A4CC3F30}.Debug|x86.ActiveCfg = Debug|Win32
		{648275F5-FCC1-4CA6-B235-A802A4CC3F30}.Debug|x86.Build.0 = Debug|Win32
		{648275F5-FCC1-4CA6-B235-A802A4CC3F30}.Release|x64.ActiveCfg = Release|x64
		{648275F5-FCC1-4CA6-B235-A802A4CC3F30}.Release|x64.Build.0 = Release|x64
		{648275F5-FCC1-4CA6-B235-A802A4CC3F30}.Release|x86.ActiveCfg = Release|Win32
		{648275F5-FCC1-4CA6-B235-A802A4CC3F30}.Release|x86.Build.0 = Release|Win32
	EndGlobalSection
	GlobalSection(SolutionProperties) = preSolution
		HideSolutionNode = FALSE
	EndGlobalSection
	GlobalSection(ExtensibilityGlobals) = postSolution
		SolutionGuid = {B2FAE3DF-EBF8-434D-966B-31F667B5E8CA}
	EndGlobalSection
EndGlobal
